{
  "name": "vvbarber",
  "version": "1.0.0",
  "lockfileVersion": 3,
  "requires": true,
  "packages": {
    "": {
      "name": "vvbarber",
      "version": "1.0.0",
      "license": "ISC",
      "dependencies": {
        "husky": "^9.0.10"
      }
    },
    "node_modules/husky": {
      "version": "9.0.10",
      "resolved": "https://registry.npmjs.org/husky/-/husky-9.0.10.tgz",
      "integrity": "sha512-TQGNknoiy6bURzIO77pPRu+XHi6zI7T93rX+QnJsoYFf3xdjKOur+IlfqzJGMHIK/wXrLg+GsvMs8Op7vI2jVA==",
      "bin": {
        "husky": "bin.mjs"
      },
      "engines": {
        "node": ">=18"
      },
      "funding": {
        "url": "https://github.com/sponsors/typicode"
      }
    }
  }
}
